{
  "nodes": {
    "nixpkgs": {
      "locked": {
        "lastModified": 1705975988,
        "narHash": "sha256-HJS/ilLkwLaFe+kPciiVuEwa90p7d7Y2FUZXuq7ztVk=",
        "owner": "NixOS",
        "repo": "nixpkgs",
        "rev": "4d3d04cfd372a0511f12b885c9822e406b00fe8e",
        "type": "github"
      },
      "original": {
        "owner": "NixOS",
        "ref": "nixpkgs-unstable",
        "repo": "nixpkgs",
        "type": "github"
      }
    },
    "nixpkgs_2": {
      "locked": {
        "lastModified": 1678418513,
        "narHash": "sha256-HLLR2Fmkn3TgD0F+u5gMcTKx5YzAU1rbS4cLfm6ugiU=",
        "owner": "NixOS",
        "repo": "nixpkgs",
        "rev": "5496585eb876f2ce97654bc8f96838c6f8642563",
        "type": "github"
      },
      "original": {
        "id": "nixpkgs",
        "type": "indirect"
      }
    },
    "root": {
      "inputs": {
        "nixpkgs": "nixpkgs",
        "shardus-cli": "shardus-cli",
        "utils": "utils_2"
      }
    },
    "shardus-cli": {
      "inputs": {
        "nixpkgs": "nixpkgs_2",
        "utils": "utils"
      },
      "locked": {
        "lastModified": 1703721509,
        "narHash": "sha256-7FZekqUXvc4ok42/X/dHGuVuuwM9HtfNqvbchr+SZ3o=",
        "ref": "nix-flake",
        "rev": "90a799ac459db797b0b03163e9d7090adf0a9cd9",
        "revCount": 85,
        "type": "git",
        "url": "https://gitlab.com/shardus/tools/shardus-cli"
      },
      "original": {
        "ref": "nix-flake",
        "type": "git",
        "url": "https://gitlab.com/shardus/tools/shardus-cli"
      }
    },
    "systems": {
      "locked": {
        "lastModified": 1681028828,
        "narHash": "sha256-Vy1rq5AaRuLzOxct8nz4T6wlgyUR7zLU309k9mBC768=",
        "owner": "nix-systems",
        "repo": "default",
        "rev": "da67096a3b9bf56a91d16901293e51ba5b49a27e",
        "type": "github"
      },
      "original": {
        "owner": "nix-systems",
        "repo": "default",
        "type": "github"
      }
    },
    "utils": {
      "locked": {
        "lastModified": 1676283394,
        "narHash": "sha256-XX2f9c3iySLCw54rJ/CZs+ZK6IQy7GXNY4nSOyu2QG4=",
        "owner": "numtide",
        "repo": "flake-utils",
        "rev": "3db36a8b464d0c4532ba1c7dda728f4576d6d073",
        "type": "github"
      },
      "original": {
        "owner": "numtide",
        "repo": "flake-utils",
        "type": "github"
      }
    },
    "utils_2": {
      "inputs": {
        "systems": "systems"
      },
      "locked": {
        "lastModified": 1705309234,
        "narHash": "sha256-uNRRNRKmJyCRC/8y1RqBkqWBLM034y4qN7EprSdmgyA=",
        "owner": "numtide",
        "repo": "flake-utils",
        "rev": "1ef2e671c3b0c19053962c07dbda38332dcebf26",
        "type": "github"
      },
      "original": {
        "owner": "numtide",
        "repo": "flake-utils",
        "type": "github"
      }
    }
  },
  "root": "root",
  "version": 7
}
