{
  "name": "ecrecover",
  "version": "0.1.0",
  "lockfileVersion": 3,
  "requires": true,
  "packages": {
    "": {
      "name": "ecrecover",
      "version": "0.1.0",
      "hasInstallScript": true,
      "license": "ISC",
      "devDependencies": {
        "cargo-cp-artifact": "^0.1"
      }
    },
    "node_modules/cargo-cp-artifact": {
      "version": "0.1.8",
      "resolved": "https://registry.npmjs.org/cargo-cp-artifact/-/cargo-cp-artifact-0.1.8.tgz",
      "integrity": "sha512-3j4DaoTrsCD1MRkTF2Soacii0Nx7UHCce0EwUf4fHnggwiE4fbmF2AbnfzayR36DF8KGadfh7M/Yfy625kgPlA==",
      "dev": true,
      "bin": {
        "cargo-cp-artifact": "bin/cargo-cp-artifact.js"
      }
    }
  }
}
